
Microsoft Visual Studio Solution File, Format Version 12.00
# Visual Studio Version 17
VisualStudioVersion = 17.1.32407.343
MinimumVisualStudioVersion = 10.0.40219.1
Project("{FAE04EC0-301F-11D3-BF4B-00C04F79EFBC}") = "SemWork1", "SemWork1\SemWork1.csproj", "{1EAB6B7C-63AB-47E9-A711-E535D614091B}"
EndProject
Global
	GlobalSection(SolutionConfigurationPlatforms) = preSolution
		Debug|Any CPU = Debug|Any CPU
		Release|Any CPU = Release|Any CPU
	EndGlobalSection
	GlobalSection(ProjectConfigurationPlatforms) = postSolution
		{1EAB6B7C-63AB-47E9-A711-E535D614091B}.Debug|Any CPU.ActiveCfg = Debug|Any CPU
		{1EAB6B7C-63AB-47E9-A711-E535D614091B}.Debug|Any CPU.Build.0 = Debug|Any CPU
		{1EAB6B7C-63AB-47E9-A711-E535D614091B}.Release|Any CPU.ActiveCfg = Release|Any CPU
		{1EAB6B7C-63AB-47E9-A711-E535D614091B}.Release|Any CPU.Build.0 = Release|Any CPU
	EndGlobalSection
	GlobalSection(SolutionProperties) = preSolution
		HideSolutionNode = FALSE
	EndGlobalSection
	GlobalSection(ExtensibilityGlobals) = postSolution
		SolutionGuid = {5353C5E9-F5E6-485E-AFFD-01C5F917E7E8}
	EndGlobalSection
EndGlobal
